
Microsoft Visual Studio Solution File, Format Version 12.00
# Visual Studio Version 16
VisualStudioVersion = 16.0.30104.148
MinimumVisualStudioVersion = 10.0.40219.1
Project("{9A19103F-16F7-4668-BE54-9A1E7A4F7556}") = "Steam-Blocker-UI", "Steam-Blocker-UI.csproj", "{EA504875-5A86-450D-9004-AD7A7E505B6F}"
EndProject
Project("{840C416C-B8F3-42BC-B0DD-F6BB14C9F8CB}") = "Steam-Blocker-UI-Installer", "..\Steam-Blocker-UI-Installer\Steam-Blocker-UI-Installer.aiproj", "{8BACC246-6B47-4AD6-BB70-6890647B94B6}"
EndProject
Global
	GlobalSection(SolutionConfigurationPlatforms) = preSolution
		All|Any CPU = All|Any CPU
		All|ARM = All|ARM
		All|ARM64 = All|ARM64
		All|x64 = All|x64
		All|x86 = All|x86
		Debug|Any CPU = Debug|Any CPU
		Debug|ARM = Debug|ARM
		Debug|ARM64 = Debug|ARM64
		Debug|x64 = Debug|x64
		Debug|x86 = Debug|x86
		Release|Any CPU = Release|Any CPU
		Release|ARM = Release|ARM
		Release|ARM64 = Release|ARM64
		Release|x64 = Release|x64
		Release|x86 = Release|x86
	EndGlobalSection
	GlobalSection(ProjectConfigurationPlatforms) = postSolution
		{EA504875-5A86-450D-9004-AD7A7E505B6F}.All|Any CPU.ActiveCfg = Release|Any CPU
		{EA504875-5A86-450D-9004-AD7A7E505B6F}.All|Any CPU.Build.0 = Release|Any CPU
		{EA504875-5A86-450D-9004-AD7A7E505B6F}.All|ARM.ActiveCfg = Release|Any CPU
		{EA504875-5A86-450D-9004-AD7A7E505B6F}.All|ARM.Build.0 = Release|Any CPU
		{EA504875-5A86-450D-9004-AD7A7E505B6F}.All|ARM64.ActiveCfg = Release|Any CPU
		{EA504875-5A86-450D-9004-AD7A7E505B6F}.All|ARM64.Build.0 = Release|Any CPU
		{EA504875-5A86-450D-9004-AD7A7E505B6F}.All|x64.ActiveCfg = Release|Any CPU
		{EA504875-5A86-450D-9004-AD7A7E505B6F}.All|x64.Build.0 = Release|Any CPU
		{EA504875-5A86-450D-9004-AD7A7E505B6F}.All|x86.ActiveCfg = Release|Any CPU
		{EA504875-5A86-450D-9004-AD7A7E505B6F}.All|x86.Build.0 = Release|Any CPU
		{EA504875-5A86-450D-9004-AD7A7E505B6F}.Debug|Any CPU.ActiveCfg = Debug|Any CPU
		{EA504875-5A86-450D-9004-AD7A7E505B6F}.Debug|Any CPU.Build.0 = Debug|Any CPU
		{EA504875-5A86-450D-9004-AD7A7E505B6F}.Debug|ARM.ActiveCfg = Debug|Any CPU
		{EA504875-5A86-450D-9004-AD7A7E505B6F}.Debug|ARM.Build.0 = Debug|Any CPU
		{EA504875-5A86-450D-9004-AD7A7E505B6F}.Debug|ARM64.ActiveCfg = Debug|Any CPU
		{EA504875-5A86-450D-9004-AD7A7E505B6F}.Debug|ARM64.Build.0 = Debug|Any CPU
		{EA504875-5A86-450D-9004-AD7A7E505B6F}.Debug|x64.ActiveCfg = Debug|Any CPU
		{EA504875-5A86-450D-9004-AD7A7E505B6F}.Debug|x64.Build.0 = Debug|Any CPU
		{EA504875-5A86-450D-9004-AD7A7E505B6F}.Debug|x86.ActiveCfg = Debug|Any CPU
		{EA504875-5A86-450D-9004-AD7A7E505B6F}.Debug|x86.Build.0 = Debug|Any CPU
		{EA504875-5A86-450D-9004-AD7A7E505B6F}.Release|Any CPU.ActiveCfg = Release|Any CPU
		{EA504875-5A86-450D-9004-AD7A7E505B6F}.Release|Any CPU.Build.0 = Release|Any CPU
		{EA504875-5A86-450D-9004-AD7A7E505B6F}.Release|ARM.ActiveCfg = Release|Any CPU
		{EA504875-5A86-450D-9004-AD7A7E505B6F}.Release|ARM.Build.0 = Release|Any CPU
		{EA504875-5A86-450D-9004-AD7A7E505B6F}.Release|ARM64.ActiveCfg = Release|Any CPU
		{EA504875-5A86-450D-9004-AD7A7E505B6F}.Release|ARM64.Build.0 = Release|Any CPU
		{EA504875-5A86-450D-9004-AD7A7E505B6F}.Release|x64.ActiveCfg = Release|Any CPU
		{EA504875-5A86-450D-9004-AD7A7E505B6F}.Release|x64.Build.0 = Release|Any CPU
		{EA504875-5A86-450D-9004-AD7A7E505B6F}.Release|x86.ActiveCfg = Release|Any CPU
		{EA504875-5A86-450D-9004-AD7A7E505B6F}.Release|x86.Build.0 = Release|Any CPU
		{8BACC246-6B47-4AD6-BB70-6890647B94B6}.All|Any CPU.ActiveCfg = DefaultBuild
		{8BACC246-6B47-4AD6-BB70-6890647B94B6}.All|Any CPU.Build.0 = DefaultBuild
		{8BACC246-6B47-4AD6-BB70-6890647B94B6}.All|ARM.ActiveCfg = DefaultBuild
		{8BACC246-6B47-4AD6-BB70-6890647B94B6}.All|ARM.Build.0 = DefaultBuild
		{8BACC246-6B47-4AD6-BB70-6890647B94B6}.All|ARM64.ActiveCfg = DefaultBuild
		{8BACC246-6B47-4AD6-BB70-6890647B94B6}.All|ARM64.Build.0 = DefaultBuild
		{8BACC246-6B47-4AD6-BB70-6890647B94B6}.All|x64.ActiveCfg = DefaultBuild
		{8BACC246-6B47-4AD6-BB70-6890647B94B6}.All|x64.Build.0 = DefaultBuild
		{8BACC246-6B47-4AD6-BB70-6890647B94B6}.All|x86.ActiveCfg = DefaultBuild
		{8BACC246-6B47-4AD6-BB70-6890647B94B6}.All|x86.Build.0 = DefaultBuild
		{8BACC246-6B47-4AD6-BB70-6890647B94B6}.Debug|Any CPU.ActiveCfg = DefaultBuild
		{8BACC246-6B47-4AD6-BB70-6890647B94B6}.Debug|Any CPU.Build.0 = DefaultBuild
		{8BACC246-6B47-4AD6-BB70-6890647B94B6}.Debug|ARM.ActiveCfg = DefaultBuild
		{8BACC246-6B47-4AD6-BB70-6890647B94B6}.Debug|ARM.Build.0 = DefaultBuild
		{8BACC246-6B47-4AD6-BB70-6890647B94B6}.Debug|ARM64.ActiveCfg = DefaultBuild
		{8BACC246-6B47-4AD6-BB70-6890647B94B6}.Debug|ARM64.Build.0 = DefaultBuild
		{8BACC246-6B47-4AD6-BB70-6890647B94B6}.Debug|x64.ActiveCfg = DefaultBuild
		{8BACC246-6B47-4AD6-BB70-6890647B94B6}.Debug|x64.Build.0 = DefaultBuild
		{8BACC246-6B47-4AD6-BB70-6890647B94B6}.Debug|x86.ActiveCfg = DefaultBuild
		{8BACC246-6B47-4AD6-BB70-6890647B94B6}.Debug|x86.Build.0 = DefaultBuild
		{8BACC246-6B47-4AD6-BB70-6890647B94B6}.Release|Any CPU.ActiveCfg = DefaultBuild
		{8BACC246-6B47-4AD6-BB70-6890647B94B6}.Release|Any CPU.Build.0 = DefaultBuild
		{8BACC246-6B47-4AD6-BB70-6890647B94B6}.Release|ARM.ActiveCfg = DefaultBuild
		{8BACC246-6B47-4AD6-BB70-6890647B94B6}.Release|ARM.Build.0 = DefaultBuild
		{8BACC246-6B47-4AD6-BB70-6890647B94B6}.Release|ARM64.ActiveCfg = DefaultBuild
		{8BACC246-6B47-4AD6-BB70-6890647B94B6}.Release|ARM64.Build.0 = DefaultBuild
		{8BACC246-6B47-4AD6-BB70-6890647B94B6}.Release|x64.ActiveCfg = DefaultBuild
		{8BACC246-6B47-4AD6-BB70-6890647B94B6}.Release|x64.Build.0 = DefaultBuild
		{8BACC246-6B47-4AD6-BB70-6890647B94B6}.Release|x86.ActiveCfg = DefaultBuild
		{8BACC246-6B47-4AD6-BB70-6890647B94B6}.Release|x86.Build.0 = DefaultBuild
	EndGlobalSection
	GlobalSection(SolutionProperties) = preSolution
		HideSolutionNode = FALSE
	EndGlobalSection
	GlobalSection(ExtensibilityGlobals) = postSolution
		SolutionGuid = {1EC25DCA-F916-470E-8A3B-35590843A4D8}
	EndGlobalSection
EndGlobal
